
Microsoft Visual Studio Solution File, Format Version 11.00
# Visual Studio 2010
Project("{2150E333-8FDC-42A3-9474-1A3956D46DE8}") = "Scripts", "Scripts", "{6A09D61F-58E9-431B-82A2-63E13EBD7744}"
	ProjectSection(SolutionItems) = preProject
		Scripts\StealFocus.Build.CCNet.proj = Scripts\StealFocus.Build.CCNet.proj
		Scripts\StealFocus.Build.proj = Scripts\StealFocus.Build.proj
	EndProjectSection
EndProject
Project("{2150E333-8FDC-42A3-9474-1A3956D46DE8}") = "Artefacts", "Artefacts", "{16AF1373-D90E-497F-8C67-231E5C91EEE0}"
EndProject
Project("{2150E333-8FDC-42A3-9474-1A3956D46DE8}") = "NuGet", "NuGet", "{C05C9738-60B2-462D-8E03-0F3611296AC9}"
EndProject
Project("{2150E333-8FDC-42A3-9474-1A3956D46DE8}") = "Scripts", "Scripts", "{CCD282DB-4EBC-45F7-BCD5-EEE614A82FB1}"
	ProjectSection(SolutionItems) = preProject
		Artefacts\Scripts\StealFocus.BclExtensions.dll = Artefacts\Scripts\StealFocus.BclExtensions.dll
		Artefacts\Scripts\StealFocus.BizTalkExtensions.dll = Artefacts\Scripts\StealFocus.BizTalkExtensions.dll
		Artefacts\Scripts\StealFocus.Build.BizTalk2010.targets = Artefacts\Scripts\StealFocus.Build.BizTalk2010.targets
		Artefacts\Scripts\StealFocus.Build.IIS7.x.targets = Artefacts\Scripts\StealFocus.Build.IIS7.x.targets
		Artefacts\Scripts\StealFocus.Build.MSDeploy2.1.targets = Artefacts\Scripts\StealFocus.Build.MSDeploy2.1.targets
		Artefacts\Scripts\StealFocus.Build.MSTest2010.targets = Artefacts\Scripts\StealFocus.Build.MSTest2010.targets
		Artefacts\Scripts\StealFocus.Build.NUnit.targets = Artefacts\Scripts\StealFocus.Build.NUnit.targets
		Artefacts\Scripts\StealFocus.Build.Project.Assembly.targets = Artefacts\Scripts\StealFocus.Build.Project.Assembly.targets
		Artefacts\Scripts\StealFocus.Build.Project.BizTalk2010.targets = Artefacts\Scripts\StealFocus.Build.Project.BizTalk2010.targets
		Artefacts\Scripts\StealFocus.Build.Project.CSharp.targets = Artefacts\Scripts\StealFocus.Build.Project.CSharp.targets
		Artefacts\Scripts\StealFocus.Build.Project.targets = Artefacts\Scripts\StealFocus.Build.Project.targets
		Artefacts\Scripts\StealFocus.Build.Project.VisualBasic.targets = Artefacts\Scripts\StealFocus.Build.Project.VisualBasic.targets
		Artefacts\Scripts\StealFocus.Build.psm1 = Artefacts\Scripts\StealFocus.Build.psm1
		Artefacts\Scripts\StealFocus.Build.StyleCop.targets = Artefacts\Scripts\StealFocus.Build.StyleCop.targets
		Artefacts\Scripts\StealFocus.Build.targets = Artefacts\Scripts\StealFocus.Build.targets
		Artefacts\Scripts\StealFocus.Build.tasks = Artefacts\Scripts\StealFocus.Build.tasks
		Artefacts\Scripts\StealFocus.Build.Tfs2010BuildTemplate.xaml = Artefacts\Scripts\StealFocus.Build.Tfs2010BuildTemplate.xaml
		Artefacts\Scripts\StealFocus.Build.Tfs2012BuildTemplate.xaml = Artefacts\Scripts\StealFocus.Build.Tfs2012BuildTemplate.xaml
		Artefacts\Scripts\StealFocus.Build.ValidatePrerequisites.ps1 = Artefacts\Scripts\StealFocus.Build.ValidatePrerequisites.ps1
		Artefacts\Scripts\StealFocus.Build.WindowsAzure.CreateAzureAffinityGroup.ps1 = Artefacts\Scripts\StealFocus.Build.WindowsAzure.CreateAzureAffinityGroup.ps1
		Artefacts\Scripts\StealFocus.Build.WindowsAzure.CreateAzureStorageAccount.ps1 = Artefacts\Scripts\StealFocus.Build.WindowsAzure.CreateAzureStorageAccount.ps1
		Artefacts\Scripts\StealFocus.Build.WindowsAzure.CreateAzureSubscription.ps1 = Artefacts\Scripts\StealFocus.Build.WindowsAzure.CreateAzureSubscription.ps1
		Artefacts\Scripts\StealFocus.Build.WindowsAzure.psm1 = Artefacts\Scripts\StealFocus.Build.WindowsAzure.psm1
		Artefacts\Scripts\StealFocus.Build.WindowsAzure.PublishAzurePackage.ps1 = Artefacts\Scripts\StealFocus.Build.WindowsAzure.PublishAzurePackage.ps1
		Artefacts\Scripts\StealFocus.Build.WindowsAzure.targets = Artefacts\Scripts\StealFocus.Build.WindowsAzure.targets
		Artefacts\Scripts\StealFocus.MSBuildExtensions.dll = Artefacts\Scripts\StealFocus.MSBuildExtensions.dll
		Artefacts\Scripts\StealFocus.MSBuildExtensions.pdb = Artefacts\Scripts\StealFocus.MSBuildExtensions.pdb
		Artefacts\Scripts\StealFocus.MSBuildExtensions.Targets = Artefacts\Scripts\StealFocus.MSBuildExtensions.Targets
		Artefacts\Scripts\StealFocus.MSBuildExtensions.Tasks.BizTalk.dll = Artefacts\Scripts\StealFocus.MSBuildExtensions.Tasks.BizTalk.dll
		Artefacts\Scripts\StealFocus.MSBuildExtensions.Tasks.BizTalk.pdb = Artefacts\Scripts\StealFocus.MSBuildExtensions.Tasks.BizTalk.pdb
		Artefacts\Scripts\StealFocus.MSBuildExtensions.Tasks.BizTalk.Targets = Artefacts\Scripts\StealFocus.MSBuildExtensions.Tasks.BizTalk.Targets
	EndProjectSection
EndProject
Project("{2150E333-8FDC-42A3-9474-1A3956D46DE8}") = "StealFocus.Build", "StealFocus.Build", "{06414272-9F58-4992-8715-7557B65067D5}"
	ProjectSection(SolutionItems) = preProject
		Artefacts\NuGet\StealFocus.Build\StealFocus.Build.nuspec = Artefacts\NuGet\StealFocus.Build\StealFocus.Build.nuspec
	EndProjectSection
EndProject
Project("{2150E333-8FDC-42A3-9474-1A3956D46DE8}") = "Solution Items", "Solution Items", "{A9262AB4-F883-4832-A1B6-62B88D7017AC}"
	ProjectSection(SolutionItems) = preProject
		Notes.txt = Notes.txt
	EndProjectSection
EndProject
Global
	GlobalSection(SolutionProperties) = preSolution
		HideSolutionNode = FALSE
	EndGlobalSection
	GlobalSection(NestedProjects) = preSolution
		{C05C9738-60B2-462D-8E03-0F3611296AC9} = {16AF1373-D90E-497F-8C67-231E5C91EEE0}
		{CCD282DB-4EBC-45F7-BCD5-EEE614A82FB1} = {16AF1373-D90E-497F-8C67-231E5C91EEE0}
		{06414272-9F58-4992-8715-7557B65067D5} = {C05C9738-60B2-462D-8E03-0F3611296AC9}
	EndGlobalSection
EndGlobal
